// !$*UTF8*$!
{
	archiveVersion = 1;
	classes = {
	};
	objectVersion = 46;
	objects = {

/* Begin PBXBuildFile section */
		391675C01E1F5B85005903AA /* AppDelegate.swift in Sources */ = {isa = PBXBuildFile; fileRef = 391675BF1E1F5B85005903AA /* AppDelegate.swift */; };
		391675C21E1F5B85005903AA /* ViewController.swift in Sources */ = {isa = PBXBuildFile; fileRef = 391675C11E1F5B85005903AA /* ViewController.swift */; };
		391675C51E1F5B85005903AA /* Main.storyboard in Resources */ = {isa = PBXBuildFile; fileRef = 391675C31E1F5B85005903AA /* Main.storyboard */; };
		391675C71E1F5B85005903AA /* Assets.xcassets in Resources */ = {isa = PBXBuildFile; fileRef = 391675C61E1F5B85005903AA /* Assets.xcassets */; };
		391675CA1E1F5B85005903AA /* LaunchScreen.storyboard in Resources */ = {isa = PBXBuildFile; fileRef = 391675C81E1F5B85005903AA /* LaunchScreen.storyboard */; };
/* End PBXBuildFile section */

/* Begin PBXFileReference section */
		391675BC1E1F5B85005903AA /* SaveTheKittensExceptTheHairlessOnes.app */ = {isa = PBXFileReference; explicitFileType = wrapper.application; includeInIndex = 0; path = SaveTheKittensExceptTheHairlessOnes.app; sourceTree = BUILT_PRODUCTS_DIR; };
		391675BF1E1F5B85005903AA /* AppDelegate.swift */ = {isa = PBXFileReference; lastKnownFileType = sourcecode.swift; path = AppDelegate.swift; sourceTree = "<group>"; };
		391675C11E1F5B85005903AA /* ViewController.swift */ = {isa = PBXFileReference; lastKnownFileType = sourcecode.swift; path = ViewController.swift; sourceTree = "<group>"; };
		391675C41E1F5B85005903AA /* Base */ = {isa = PBXFileReference; lastKnownFileType = file.storyboard; name = Base; path = Base.lproj/Main.storyboard; sourceTree = "<group>"; };
		391675C61E1F5B85005903AA /* Assets.xcassets */ = {isa = PBXFileReference; lastKnownFileType = folder.assetcatalog; path = Assets.xcassets; sourceTree = "<group>"; };
		391675C91E1F5B85005903AA /* Base */ = {isa = PBXFileReference; lastKnownFileType = file.storyboard; name = Base; path = Base.lproj/LaunchScreen.storyboard; sourceTree = "<group>"; };
		391675CB1E1F5B85005903AA /* Info.plist */ = {isa = PBXFileReference; lastKnownFileType = text.plist.xml; path = Info.plist; sourceTree = "<group>"; };
/* End PBXFileReference section */

/* Begin PBXFrameworksBuildPhase section */
		391675B91E1F5B85005903AA /* Frameworks */ = {
			isa = PBXFrameworksBuildPhase;
			buildActionMask = 2147483647;
			files = (
			);
			runOnlyForDeploymentPostprocessing = 0;
		};
/* End PBXFrameworksBuildPhase section */

/* Begin PBXGroup section */
		391675B31E1F5B85005903AA = {
			isa = PBXGroup;
			children = (
				391675BE1E1F5B85005903AA /* SaveTheKittensExceptTheHairlessOnes */,
				391675BD1E1F5B85005903AA /* Products */,
			);
			sourceTree = "<group>";
		};
		391675BD1E1F5B85005903AA /* Products */ = {
			isa = PBXGroup;
			children = (
				391675BC1E1F5B85005903AA /* SaveTheKittensExceptTheHairlessOnes.app */,
			);
			name = Products;
			sourceTree = "<group>";
		};
		391675BE1E1F5B85005903AA /* SaveTheKittensExceptTheHairlessOnes */ = {
			isa = PBXGroup;
			children = (
				391675BF1E1F5B85005903AA /* AppDelegate.swift */,
				391675C11E1F5B85005903AA /* ViewController.swift */,
				391675C31E1F5B85005903AA /* Main.storyboard */,
				391675C61E1F5B85005903AA /* Assets.xcassets */,
				391675C81E1F5B85005903AA /* LaunchScreen.storyboard */,
				391675CB1E1F5B85005903AA /* Info.plist */,
			);
			path = SaveTheKittensExceptTheHairlessOnes;
			sourceTree = "<group>";
		};
/* End PBXGroup section */

/* Begin PBXNativeTarget section */
		391675BB1E1F5B85005903AA /* SaveTheKittensExceptTheHairlessOnes */ = {
			isa = PBXNativeTarget;
			buildConfigurationList = 391675CE1E1F5B85005903AA /* Build configuration list for PBXNativeTarget "SaveTheKittensExceptTheHairlessOnes" */;
			buildPhases = (
				391675B81E1F5B85005903AA /* Sources */,
				391675B91E1F5B85005903AA /* Frameworks */,
				391675BA1E1F5B85005903AA /* Resources */,
			);
			buildRules = (
			);
			dependencies = (
			);
			name = SaveTheKittensExceptTheHairlessOnes;
			productName = SaveTheKittensExceptTheHairlessOnes;
			productReference = 391675BC1E1F5B85005903AA /* SaveTheKittensExceptTheHairlessOnes.app */;
			productType = "com.apple.product-type.application";
		};
/* End PBXNativeTarget section */

/* Begin PBXProject section */
		391675B41E1F5B85005903AA /* Project object */ = {
			isa = PBXProject;
			attributes = {
				LastSwiftUpdateCheck = 0820;
				LastUpgradeCheck = 0820;
				ORGANIZATIONNAME = "Vince Lam";
				TargetAttributes = {
					391675BB1E1F5B85005903AA = {
						CreatedOnToolsVersion = 8.2.1;
						DevelopmentTeam = 87G98V3CDP;
						ProvisioningStyle = Automatic;
					};
				};
			};
			buildConfigurationList = 391675B71E1F5B85005903AA /* Build configuration list for PBXProject "SaveTheKittensExceptTheHairlessOnes" */;
			compatibilityVersion = "Xcode 3.2";
			developmentRegion = English;
			hasScannedForEncodings = 0;
			knownRegions = (
				en,
				Base,
			);
			mainGroup = 391675B31E1F5B85005903AA;
			productRefGroup = 391675BD1E1F5B85005903AA /* Products */;
			projectDirPath = "";
			projectRoot = "";
			targets = (
				391675BB1E1F5B85005903AA /* SaveTheKittensExceptTheHairlessOnes */,
			);
		};
/* End PBXProject section */

/* Begin PBXResourcesBuildPhase section */
		391675BA1E1F5B85005903AA /* Resources */ = {
			isa = PBXResourcesBuildPhase;
			buildActionMask = 2147483647;
			files = (
				391675CA1E1F5B85005903AA /* LaunchScreen.storyboard in Resources */,
				391675C71E1F5B85005903AA /* Assets.xcassets in Resources */,
				391675C51E1F5B85005903AA /* Main.storyboard in Resources */,
			);
			runOnlyForDeploymentPostprocessing = 0;
		};
/* End PBXResourcesBuildPhase section */

/* Begin PBXSourcesBuildPhase section */
		391675B81E1F5B85005903AA /* Sources */ = {
			isa = PBXSourcesBuildPhase;
			buildActionMask = 2147483647;
			files = (
				391675C21E1F5B85005903AA /* ViewController.swift in Sources */,
				391675C01E1F5B85005903AA /* AppDelegate.swift in Sources */,
			);
			runOnlyForDeploymentPostprocessing = 0;
		};
/* End PBXSourcesBuildPhase section */

/* Begin PBXVariantGroup section */
		391675C31E1F5B85005903AA /* Main.storyboard */ = {
			isa = PBXVariantGroup;
			children = (
				391675C41E1F5B85005903AA /* Base */,
			);
			name = Main.storyboard;
			sourceTree = "<group>";
		};
		391675C81E1F5B85005903AA /* LaunchScreen.storyboard */ = {
			isa = PBXVariantGroup;
			children = (
				391675C91E1F5B85005903AA /* Base */,
			);
			name = LaunchScreen.storyboard;
			sourceTree = "<group>";
		};
/* End PBXVariantGroup section */

/* Begin XCBuildConfiguration section */
		391675CC1E1F5B85005903AA /* Debug */ = {
			isa = XCBuildConfiguration;
			buildSettings = {
				ALWAYS_SEARCH_USER_PATHS = NO;
				CLANG_ANALYZER_NONNULL = YES;
				CLANG_CXX_LANGUAGE_STANDARD = "gnu++0x";
				CLANG_CXX_LIBRARY = "libc++";
				CLANG_ENABLE_MODULES = YES;
				CLANG_ENABLE_OBJC_ARC = YES;
				CLANG_WARN_BOOL_CONVERSION = YES;
				CLANG_WARN_CONSTANT_CONVERSION = YES;
				CLANG_WARN_DIRECT_OBJC_ISA_USAGE = YES_ERROR;
				CLANG_WARN_DOCUMENTATION_COMMENTS = YES;
				CLANG_WARN_EMPTY_BODY = YES;
				CLANG_WARN_ENUM_CONVERSION = YES;
				CLANG_WARN_INFINITE_RECURSION = YES;
				CLANG_WARN_INT_CONVERSION = YES;
				CLANG_WARN_OBJC_ROOT_CLASS = YES_ERROR;
				CLANG_WARN_SUSPICIOUS_MOVE = YES;
				CLANG_WARN_UNREACHABLE_CODE = YES;
				CLANG_WARN__DUPLICATE_METHOD_MATCH = YES;
				"CODE_SIGN_IDENTITY[sdk=iphoneos*]" = "iPhone Developer";
				COPY_PHASE_STRIP = NO;
				DEBUG_INFORMATION_FORMAT = dwarf;
				ENABLE_STRICT_OBJC_MSGSEND = YES;
				ENABLE_TESTABILITY = YES;
				GCC_C_LANGUAGE_STANDARD = gnu99;
				GCC_DYNAMIC_NO_PIC = NO;
				GCC_NO_COMMON_BLOCKS = YES;
				GCC_OPTIMIZATION_LEVEL = 0;
				GCC_PREPROCESSOR_DEFINITIONS = (
					"DEBUG=1",
					"$(inherited)",
				);
				GCC_WARN_64_TO_32_BIT_CONVERSION = YES;
				GCC_WARN_ABOUT_RETURN_TYPE = YES_ERROR;
				GCC_WARN_UNDECLARED_SELECTOR = YES;
				GCC_WARN_UNINITIALIZED_AUTOS = YES_AGGRESSIVE;
				GCC_WARN_UNUSED_FUNCTION = YES;
				GCC_WARN_UNUSED_VARIABLE = YES;
				IPHONEOS_DEPLOYMENT_TARGET = 10.2;
				MTL_ENABLE_DEBUG_INFO = YES;
				ONLY_ACTIVE_ARCH = YES;
				SDKROOT = iphoneos;
				SWIFT_ACTIVE_COMPILATION_CONDITIONS = DEBUG;
				SWIFT_OPTIMIZATION_LEVEL = "-Onone";
				TARGETED_DEVICE_FAMILY = "1,2";
			};
			name = Debug;
		};
		391675CD1E1F5B85005903AA /* Release */ = {
			isa = XCBuildConfiguration;
			buildSettings = {
				ALWAYS_SEARCH_USER_PATHS = NO;
				CLANG_ANALYZER_NONNULL = YES;
				CLANG_CXX_LANGUAGE_STANDARD = "gnu++0x";
				CLANG_CXX_LIBRARY = "libc++";
				CLANG_ENABLE_MODULES = YES;
				CLANG_ENABLE_OBJC_ARC = YES;
				CLANG_WARN_BOOL_CONVERSION = YES;
				CLANG_WARN_CONSTANT_CONVERSION = YES;
				CLANG_WARN_DIRECT_OBJC_ISA_USAGE = YES_ERROR;
				CLANG_WARN_DOCUMENTATION_COMMENTS = YES;
				CLANG_WARN_EMPTY_BODY = YES;
				CLANG_WARN_ENUM_CONVERSION = YES;
				CLANG_WARN_INFINITE_RECURSION = YES;
				CLANG_WARN_INT_CONVERSION = YES;
				CLANG_WARN_OBJC_ROOT_CLASS = YES_ERROR;
				CLANG_WARN_SUSPICIOUS_MOVE = YES;
				CLANG_WARN_UNREACHABLE_CODE = YES;
				CLANG_WARN__DUPLICATE_METHOD_MATCH = YES;
				"CODE_SIGN_IDENTITY[sdk=iphoneos*]" = "iPhone Developer";
				COPY_PHASE_STRIP = NO;
				DEBUG_INFORMATION_FORMAT = "dwarf-with-dsym";
				ENABLE_NS_ASSERTIONS = NO;
				ENABLE_STRICT_OBJC_MSGSEND = YES;
				GCC_C_LANGUAGE_STANDARD = gnu99;
				GCC_NO_COMMON_BLOCKS = YES;
				GCC_WARN_64_TO_32_BIT_CONVERSION = YES;
				GCC_WARN_ABOUT_RETURN_TYPE = YES_ERROR;
				GCC_WARN_UNDECLARED_SELECTOR = YES;
				GCC_WARN_UNINITIALIZED_AUTOS = YES_AGGRESSIVE;
				GCC_WARN_UNUSED_FUNCTION = YES;
				GCC_WARN_UNUSED_VARIABLE = YES;
				IPHONEOS_DEPLOYMENT_TARGET = 10.2;
				MTL_ENABLE_DEBUG_INFO = NO;
				SDKROOT = iphoneos;
				SWIFT_OPTIMIZATION_LEVEL = "-Owholemodule";
				TARGETED_DEVICE_FAMILY = "1,2";
				VALIDATE_PRODUCT = YES;
			};
			name = Release;
		};
		391675CF1E1F5B85005903AA /* Debug */ = {
			isa = XCBuildConfiguration;
			buildSettings = {
				ASSETCATALOG_COMPILER_APPICON_NAME = AppIcon;
				DEVELOPMENT_TEAM = 87G98V3CDP;
				INFOPLIST_FILE = SaveTheKittensExceptTheHairlessOnes/Info.plist;
				LD_RUNPATH_SEARCH_PATHS = "$(inherited) @executable_path/Frameworks";
				PRODUCT_BUNDLE_IDENTIFIER = "Trojan-Labs.SaveTheKittensExceptTheHairlessOnes";
				PRODUCT_NAME = "$(TARGET_NAME)";
				SWIFT_VERSION = 3.0;
			};
			name = Debug;
		};
		391675D01E1F5B85005903AA /* Release */ = {
			isa = XCBuildConfiguration;
			buildSettings = {
				ASSETCATALOG_COMPILER_APPICON_NAME = AppIcon;
				DEVELOPMENT_TEAM = 87G98V3CDP;
				INFOPLIST_FILE = SaveTheKittensExceptTheHairlessOnes/Info.plist;
				LD_RUNPATH_SEARCH_PATHS = "$(inherited) @executable_path/Frameworks";
				PRODUCT_BUNDLE_IDENTIFIER = "Trojan-Labs.SaveTheKittensExceptTheHairlessOnes";
				PRODUCT_NAME = "$(TARGET_NAME)";
				SWIFT_VERSION = 3.0;
			};
			name = Release;
		};
/* End XCBuildConfiguration section */

/* Begin XCConfigurationList section */
		391675B71E1F5B85005903AA /* Build configuration list for PBXProject "SaveTheKittensExceptTheHairlessOnes" */ = {
			isa = XCConfigurationList;
			buildConfigurations = (
				391675CC1E1F5B85005903AA /* Debug */,
				391675CD1E1F5B85005903AA /* Release */,
			);
			defaultConfigurationIsVisible = 0;
			defaultConfigurationName = Release;
		};
		391675CE1E1F5B85005903AA /* Build configuration list for PBXNativeTarget "SaveTheKittensExceptTheHairlessOnes" */ = {
			isa = XCConfigurationList;
			buildConfigurations = (
				391675CF1E1F5B85005903AA /* Debug */,
				391675D01E1F5B85005903AA /* Release */,
			);
			defaultConfigurationIsVisible = 0;
		};
/* End XCConfigurationList section */
	};
	rootObject = 391675B41E1F5B85005903AA /* Project object */;
}
